schema: '2.0'
stages:
  data_ingestion:
    cmd: python src/data_ingestion.py
    deps:
    - path: src/data_ingestion.py
      hash: md5
      md5: 3fc89c442971d790e6f7ea54e9bdeb5a
      size: 4141
    params:
      params.yaml:
        data_ingestion.test_size: 0.15
    outs:
    - path: data/raw
      hash: md5
      md5: ef7cf7e9f19df44df93e39744c4a1ffe.dir
      size: 479272
      nfiles: 2
  data_preprocessing:
    cmd: python src/data_preprocessing.py
    deps:
    - path: data/raw
      hash: md5
      md5: ef7cf7e9f19df44df93e39744c4a1ffe.dir
      size: 479272
      nfiles: 2
    - path: src/data_preprocessing.py
      hash: md5
      md5: 9f92fa780e6e8f23be656bb864c80f6c
      size: 4383
    outs:
    - path: data/interim
      hash: md5
      md5: e3cea29aa560ebcca39e9721b750835a.dir
      size: 255681
      nfiles: 2
  feature_engineering:
    cmd: python src/feature_engineering.py
    deps:
    - path: data/interim
      hash: md5
      md5: e3cea29aa560ebcca39e9721b750835a.dir
      size: 255681
      nfiles: 2
    - path: src/feature_engineering.py
      hash: md5
      md5: aea1820c7312dc3954b3e500dd7650ea
      size: 4195
    params:
      params.yaml:
        feature_engineering.max_features: 45
    outs:
    - path: data/processed
      hash: md5
      md5: 6ac41df11c1b7101dfba186ee9ca74e7.dir
      size: 1061990
      nfiles: 2
  model_building:
    cmd: python src/model_building.py
    deps:
    - path: data/processed
      hash: md5
      md5: 6ac41df11c1b7101dfba186ee9ca74e7.dir
      size: 1061990
      nfiles: 2
    - path: src/model_building.py
      hash: md5
      md5: 857b973cfbc929be417e6b86cc807ccc
      size: 4383
    params:
      params.yaml:
        model_building.n_estimators: 20
        model_building.random_state: 2
    outs:
    - path: models/model.pkl
      hash: md5
      md5: d6f924c0a9966fd3ccabc9ca715caf8d
      size: 817336
  model_evaluation:
    cmd: python src/model_evaluation.py
    deps:
    - path: models/model.pkl
      hash: md5
      md5: d6f924c0a9966fd3ccabc9ca715caf8d
      size: 817336
    - path: src/model_evaluation.py
      hash: md5
      md5: c963fb473caae2b4c0ca5e80289383fa
      size: 3879
    outs:
    - path: reports/metrics.json
      hash: md5
      md5: dfc40dfffd0995cce0706d10b25e6390
      size: 130
